
Microsoft Visual Studio Solution File, Format Version 12.00
# Visual Studio Version 17
VisualStudioVersion = 17.8.34408.163
MinimumVisualStudioVersion = 10.0.40219.1
Project("{9A19103F-16F7-4668-BE54-9A1E7A4F7556}") = "ContactsManager.UI", "ContactsManager.UI\ContactsManager.UI.csproj", "{74824944-779B-4E6C-81C3-599EC4F7D8EF}"
EndProject
Project("{2150E333-8FDC-42A3-9474-1A3956D46DE8}") = "src", "src", "{C89FC797-F76B-4662-B179-F9AD63698D7A}"
EndProject
Project("{2150E333-8FDC-42A3-9474-1A3956D46DE8}") = "tests", "tests", "{98218BCA-6A6F-4C12-845B-15E609C0CA96}"
EndProject
Project("{9A19103F-16F7-4668-BE54-9A1E7A4F7556}") = "ContactsManager.Core", "ContactsManager.Core\ContactsManager.Core.csproj", "{FEEC20FB-110E-429D-A48B-72FA673C94B4}"
EndProject
Project("{9A19103F-16F7-4668-BE54-9A1E7A4F7556}") = "ContactsManager.Infrastructure", "ContactsManager.Infrastructure\ContactsManager.Infrastructure.csproj", "{9F4459F5-4436-4C36-B485-D15BBCE7B168}"
EndProject
Project("{FAE04EC0-301F-11D3-BF4B-00C04F79EFBC}") = "ContactsManager.ServiceTests", "ContactsManager.ServiceTests\ContactsManager.ServiceTests.csproj", "{93DCD879-D01E-4DC0-8A9D-B269B0862605}"
EndProject
Project("{FAE04EC0-301F-11D3-BF4B-00C04F79EFBC}") = "ContactsManager.ControllerTests", "ContactsManager.ControllerTests\ContactsManager.ControllerTests.csproj", "{D40BBC9C-83D3-4D1E-9285-2A49D2C6A7F2}"
EndProject
Project("{FAE04EC0-301F-11D3-BF4B-00C04F79EFBC}") = "ContactsManager.IntegrationTests", "ContactsManager.IntegrationTests\ContactsManager.IntegrationTests.csproj", "{6E1383D9-DF55-4336-ACE4-2CA5394A7D67}"
EndProject
Global
	GlobalSection(SolutionConfigurationPlatforms) = preSolution
		Debug|Any CPU = Debug|Any CPU
		Release|Any CPU = Release|Any CPU
	EndGlobalSection
	GlobalSection(ProjectConfigurationPlatforms) = postSolution
		{74824944-779B-4E6C-81C3-599EC4F7D8EF}.Debug|Any CPU.ActiveCfg = Debug|Any CPU
		{74824944-779B-4E6C-81C3-599EC4F7D8EF}.Debug|Any CPU.Build.0 = Debug|Any CPU
		{74824944-779B-4E6C-81C3-599EC4F7D8EF}.Release|Any CPU.ActiveCfg = Release|Any CPU
		{74824944-779B-4E6C-81C3-599EC4F7D8EF}.Release|Any CPU.Build.0 = Release|Any CPU
		{FEEC20FB-110E-429D-A48B-72FA673C94B4}.Debug|Any CPU.ActiveCfg = Debug|Any CPU
		{FEEC20FB-110E-429D-A48B-72FA673C94B4}.Debug|Any CPU.Build.0 = Debug|Any CPU
		{FEEC20FB-110E-429D-A48B-72FA673C94B4}.Release|Any CPU.ActiveCfg = Release|Any CPU
		{FEEC20FB-110E-429D-A48B-72FA673C94B4}.Release|Any CPU.Build.0 = Release|Any CPU
		{9F4459F5-4436-4C36-B485-D15BBCE7B168}.Debug|Any CPU.ActiveCfg = Debug|Any CPU
		{9F4459F5-4436-4C36-B485-D15BBCE7B168}.Debug|Any CPU.Build.0 = Debug|Any CPU
		{9F4459F5-4436-4C36-B485-D15BBCE7B168}.Release|Any CPU.ActiveCfg = Release|Any CPU
		{9F4459F5-4436-4C36-B485-D15BBCE7B168}.Release|Any CPU.Build.0 = Release|Any CPU
		{93DCD879-D01E-4DC0-8A9D-B269B0862605}.Debug|Any CPU.ActiveCfg = Debug|Any CPU
		{93DCD879-D01E-4DC0-8A9D-B269B0862605}.Debug|Any CPU.Build.0 = Debug|Any CPU
		{93DCD879-D01E-4DC0-8A9D-B269B0862605}.Release|Any CPU.ActiveCfg = Release|Any CPU
		{93DCD879-D01E-4DC0-8A9D-B269B0862605}.Release|Any CPU.Build.0 = Release|Any CPU
		{D40BBC9C-83D3-4D1E-9285-2A49D2C6A7F2}.Debug|Any CPU.ActiveCfg = Debug|Any CPU
		{D40BBC9C-83D3-4D1E-9285-2A49D2C6A7F2}.Debug|Any CPU.Build.0 = Debug|Any CPU
		{D40BBC9C-83D3-4D1E-9285-2A49D2C6A7F2}.Release|Any CPU.ActiveCfg = Release|Any CPU
		{D40BBC9C-83D3-4D1E-9285-2A49D2C6A7F2}.Release|Any CPU.Build.0 = Release|Any CPU
		{6E1383D9-DF55-4336-ACE4-2CA5394A7D67}.Debug|Any CPU.ActiveCfg = Debug|Any CPU
		{6E1383D9-DF55-4336-ACE4-2CA5394A7D67}.Debug|Any CPU.Build.0 = Debug|Any CPU
		{6E1383D9-DF55-4336-ACE4-2CA5394A7D67}.Release|Any CPU.ActiveCfg = Release|Any CPU
		{6E1383D9-DF55-4336-ACE4-2CA5394A7D67}.Release|Any CPU.Build.0 = Release|Any CPU
	EndGlobalSection
	GlobalSection(SolutionProperties) = preSolution
		HideSolutionNode = FALSE
	EndGlobalSection
	GlobalSection(NestedProjects) = preSolution
		{74824944-779B-4E6C-81C3-599EC4F7D8EF} = {C89FC797-F76B-4662-B179-F9AD63698D7A}
		{FEEC20FB-110E-429D-A48B-72FA673C94B4} = {C89FC797-F76B-4662-B179-F9AD63698D7A}
		{9F4459F5-4436-4C36-B485-D15BBCE7B168} = {C89FC797-F76B-4662-B179-F9AD63698D7A}
		{93DCD879-D01E-4DC0-8A9D-B269B0862605} = {98218BCA-6A6F-4C12-845B-15E609C0CA96}
		{D40BBC9C-83D3-4D1E-9285-2A49D2C6A7F2} = {98218BCA-6A6F-4C12-845B-15E609C0CA96}
		{6E1383D9-DF55-4336-ACE4-2CA5394A7D67} = {98218BCA-6A6F-4C12-845B-15E609C0CA96}
	EndGlobalSection
	GlobalSection(ExtensibilityGlobals) = postSolution
		SolutionGuid = {7BD427C4-610E-48DF-A461-28CACDAFE3D7}
	EndGlobalSection
EndGlobal
