
Microsoft Visual Studio Solution File, Format Version 12.00
# Visual Studio Version 17
VisualStudioVersion = 17.7.34031.279
MinimumVisualStudioVersion = 10.0.40219.1
Project("{9A19103F-16F7-4668-BE54-9A1E7A4F7556}") = "CRUDExample", "CRUDExample\CRUDExample.csproj", "{B4117ABC-E7B5-44ED-A341-A74881745685}"
EndProject
Project("{FAE04EC0-301F-11D3-BF4B-00C04F79EFBC}") = "CRUDTests", "CRUDTests\CRUDTests.csproj", "{1C6858A3-2B8D-4EBB-8110-E831C05C0297}"
EndProject
Global
	GlobalSection(SolutionConfigurationPlatforms) = preSolution
		Debug|Any CPU = Debug|Any CPU
		Release|Any CPU = Release|Any CPU
	EndGlobalSection
	GlobalSection(ProjectConfigurationPlatforms) = postSolution
		{B4117ABC-E7B5-44ED-A341-A74881745685}.Debug|Any CPU.ActiveCfg = Debug|Any CPU
		{B4117ABC-E7B5-44ED-A341-A74881745685}.Debug|Any CPU.Build.0 = Debug|Any CPU
		{B4117ABC-E7B5-44ED-A341-A74881745685}.Release|Any CPU.ActiveCfg = Release|Any CPU
		{B4117ABC-E7B5-44ED-A341-A74881745685}.Release|Any CPU.Build.0 = Release|Any CPU
		{1C6858A3-2B8D-4EBB-8110-E831C05C0297}.Debug|Any CPU.ActiveCfg = Debug|Any CPU
		{1C6858A3-2B8D-4EBB-8110-E831C05C0297}.Debug|Any CPU.Build.0 = Debug|Any CPU
		{1C6858A3-2B8D-4EBB-8110-E831C05C0297}.Release|Any CPU.ActiveCfg = Release|Any CPU
		{1C6858A3-2B8D-4EBB-8110-E831C05C0297}.Release|Any CPU.Build.0 = Release|Any CPU
	EndGlobalSection
	GlobalSection(SolutionProperties) = preSolution
		HideSolutionNode = FALSE
	EndGlobalSection
	GlobalSection(ExtensibilityGlobals) = postSolution
		SolutionGuid = {6F124505-4540-4081-879B-C01911B1C9E6}
	EndGlobalSection
EndGlobal
